
Microsoft Visual Studio Solution File, Format Version 12.00
# Visual Studio 15
VisualStudioVersion = 15.0.28307.1145
MinimumVisualStudioVersion = 10.0.40219.1
Project("{8BC9CEB8-8B4A-11D0-8D11-00A0C91BC942}") = "生命游戏", "生命游戏.vcxproj", "{DCCE2FB9-CF23-4A94-BF11-FAC1E749EF2E}"
EndProject
Project("{8BC9CEB8-8B4A-11D0-8D11-00A0C91BC942}") = "UnitTest1", "..\UnitTest1\UnitTest1.vcxproj", "{62E18971-E3BD-4DC1-9452-52F3AA7592BA}"
EndProject
Project("{2150E333-8FDC-42A3-9474-1A3956D46DE8}") = "Solution Items", "Solution Items", "{A1F52383-8B15-431E-B23F-E7AA94148064}"
	ProjectSection(SolutionItems) = preProject
		TestSettings1.testsettings = TestSettings1.testsettings
	EndProjectSection
EndProject
Global
	GlobalSection(SolutionConfigurationPlatforms) = preSolution
		Debug|x64 = Debug|x64
		Debug|x86 = Debug|x86
		Release|x64 = Release|x64
		Release|x86 = Release|x86
	EndGlobalSection
	GlobalSection(ProjectConfigurationPlatforms) = postSolution
		{DCCE2FB9-CF23-4A94-BF11-FAC1E749EF2E}.Debug|x64.ActiveCfg = Debug|x64
		{DCCE2FB9-CF23-4A94-BF11-FAC1E749EF2E}.Debug|x64.Build.0 = Debug|x64
		{DCCE2FB9-CF23-4A94-BF11-FAC1E749EF2E}.Debug|x86.ActiveCfg = Debug|Win32
		{DCCE2FB9-CF23-4A94-BF11-FAC1E749EF2E}.Debug|x86.Build.0 = Debug|Win32
		{DCCE2FB9-CF23-4A94-BF11-FAC1E749EF2E}.Release|x64.ActiveCfg = Release|x64
		{DCCE2FB9-CF23-4A94-BF11-FAC1E749EF2E}.Release|x64.Build.0 = Release|x64
		{DCCE2FB9-CF23-4A94-BF11-FAC1E749EF2E}.Release|x86.ActiveCfg = Release|Win32
		{DCCE2FB9-CF23-4A94-BF11-FAC1E749EF2E}.Release|x86.Build.0 = Release|Win32
		{62E18971-E3BD-4DC1-9452-52F3AA7592BA}.Debug|x64.ActiveCfg = Debug|x64
		{62E18971-E3BD-4DC1-9452-52F3AA7592BA}.Debug|x64.Build.0 = Debug|x64
		{62E18971-E3BD-4DC1-9452-52F3AA7592BA}.Debug|x86.ActiveCfg = Debug|Win32
		{62E18971-E3BD-4DC1-9452-52F3AA7592BA}.Debug|x86.Build.0 = Debug|Win32
		{62E18971-E3BD-4DC1-9452-52F3AA7592BA}.Release|x64.ActiveCfg = Release|x64
		{62E18971-E3BD-4DC1-9452-52F3AA7592BA}.Release|x64.Build.0 = Release|x64
		{62E18971-E3BD-4DC1-9452-52F3AA7592BA}.Release|x86.ActiveCfg = Release|Win32
		{62E18971-E3BD-4DC1-9452-52F3AA7592BA}.Release|x86.Build.0 = Release|Win32
	EndGlobalSection
	GlobalSection(SolutionProperties) = preSolution
		HideSolutionNode = FALSE
	EndGlobalSection
	GlobalSection(ExtensibilityGlobals) = postSolution
		SolutionGuid = {4AC70AA8-9970-4680-9EDD-77741C6F5069}
	EndGlobalSection
EndGlobal
